
Microsoft Visual Studio Solution File, Format Version 12.00
# Visual Studio Version 17
VisualStudioVersion = 17.14.36518.9 d17.14
MinimumVisualStudioVersion = 10.0.40219.1
Project("{8BC9CEB8-8B4A-11D0-8D11-00A0C91BC942}") = "DataStructureAndAlgorithm", "DataStructureAndAlgorithm.vcxproj", "{8F86AC7F-6A76-48A8-B17F-3AF2EE8A64A3}"
EndProject
Global
	GlobalSection(SolutionConfigurationPlatforms) = preSolution
		Debug|x64 = Debug|x64
		Debug|x86 = Debug|x86
		Release|x64 = Release|x64
		Release|x86 = Release|x86
	EndGlobalSection
	GlobalSection(ProjectConfigurationPlatforms) = postSolution
		{8F86AC7F-6A76-48A8-B17F-3AF2EE8A64A3}.Debug|x64.ActiveCfg = Debug|x64
		{8F86AC7F-6A76-48A8-B17F-3AF2EE8A64A3}.Debug|x64.Build.0 = Debug|x64
		{8F86AC7F-6A76-48A8-B17F-3AF2EE8A64A3}.Debug|x86.ActiveCfg = Debug|Win32
		{8F86AC7F-6A76-48A8-B17F-3AF2EE8A64A3}.Debug|x86.Build.0 = Debug|Win32
		{8F86AC7F-6A76-48A8-B17F-3AF2EE8A64A3}.Release|x64.ActiveCfg = Release|x64
		{8F86AC7F-6A76-48A8-B17F-3AF2EE8A64A3}.Release|x64.Build.0 = Release|x64
		{8F86AC7F-6A76-48A8-B17F-3AF2EE8A64A3}.Release|x86.ActiveCfg = Release|Win32
		{8F86AC7F-6A76-48A8-B17F-3AF2EE8A64A3}.Release|x86.Build.0 = Release|Win32
	EndGlobalSection
	GlobalSection(SolutionProperties) = preSolution
		HideSolutionNode = FALSE
	EndGlobalSection
	GlobalSection(ExtensibilityGlobals) = postSolution
		SolutionGuid = {EF55D890-B7C0-4CC6-853F-7DD910E6ED2E}
	EndGlobalSection
EndGlobal
